
Microsoft Visual Studio Solution File, Format Version 12.00
# Visual Studio Version 16
VisualStudioVersion = 16.0.29519.181
MinimumVisualStudioVersion = 10.0.40219.1
Project("{FAE04EC0-301F-11D3-BF4B-00C04F79EFBC}") = "PatternRecognitionProject", "PatternRecognitionProject\PatternRecognitionProject.csproj", "{14A4673C-0EF6-4A75-9F08-6BF2E938811A}"
EndProject
Global
	GlobalSection(SolutionConfigurationPlatforms) = preSolution
		Debug|Any CPU = Debug|Any CPU
		Release|Any CPU = Release|Any CPU
	EndGlobalSection
	GlobalSection(ProjectConfigurationPlatforms) = postSolution
		{14A4673C-0EF6-4A75-9F08-6BF2E938811A}.Debug|Any CPU.ActiveCfg = Debug|Any CPU
		{14A4673C-0EF6-4A75-9F08-6BF2E938811A}.Debug|Any CPU.Build.0 = Debug|Any CPU
		{14A4673C-0EF6-4A75-9F08-6BF2E938811A}.Release|Any CPU.ActiveCfg = Release|Any CPU
		{14A4673C-0EF6-4A75-9F08-6BF2E938811A}.Release|Any CPU.Build.0 = Release|Any CPU
	EndGlobalSection
	GlobalSection(SolutionProperties) = preSolution
		HideSolutionNode = FALSE
	EndGlobalSection
	GlobalSection(ExtensibilityGlobals) = postSolution
		SolutionGuid = {DAACDDDD-0045-4D8C-B20E-BB128004545A}
	EndGlobalSection
EndGlobal
